// !$*UTF8*$!
{
	archiveVersion = 1;
	classes = {
	};
	objectVersion = 50;
	objects = {

/* Begin PBXBuildFile section */
		3D689DB6227D93EC0076E475 /* AppDelegate.swift in Sources */ = {isa = PBXBuildFile; fileRef = 3D689DB5227D93EC0076E475 /* AppDelegate.swift */; };
		3D689DB8227D93EC0076E475 /* ViewController.swift in Sources */ = {isa = PBXBuildFile; fileRef = 3D689DB7227D93EC0076E475 /* ViewController.swift */; };
		3D689DBB227D93EC0076E475 /* Main.storyboard in Resources */ = {isa = PBXBuildFile; fileRef = 3D689DB9227D93EC0076E475 /* Main.storyboard */; };
		3D689DBD227D93EE0076E475 /* Assets.xcassets in Resources */ = {isa = PBXBuildFile; fileRef = 3D689DBC227D93EE0076E475 /* Assets.xcassets */; };
		3D689DC0227D93EE0076E475 /* LaunchScreen.storyboard in Resources */ = {isa = PBXBuildFile; fileRef = 3D689DBE227D93EE0076E475 /* LaunchScreen.storyboard */; };
		3D689DCB227D95680076E475 /* RoundedButton.swift in Sources */ = {isa = PBXBuildFile; fileRef = 3D689DCA227D95680076E475 /* RoundedButton.swift */; };
		3D689DCE227D95B00076E475 /* ButtonsView.xib in Resources */ = {isa = PBXBuildFile; fileRef = 3D689DCD227D95B00076E475 /* ButtonsView.xib */; };
		3D689DD0227D95C20076E475 /* BaseView.swift in Sources */ = {isa = PBXBuildFile; fileRef = 3D689DCF227D95C20076E475 /* BaseView.swift */; };
		3D689DD2227D96240076E475 /* ButtonsView.swift in Sources */ = {isa = PBXBuildFile; fileRef = 3D689DD1227D96240076E475 /* ButtonsView.swift */; };
		3D8196CA2280C0AC002CF3EA /* CopyableLabel.swift in Sources */ = {isa = PBXBuildFile; fileRef = 3D8196C92280C0AC002CF3EA /* CopyableLabel.swift */; };
/* End PBXBuildFile section */

/* Begin PBXFileReference section */
		3D689DB2227D93EC0076E475 /* Calculator-swift.app */ = {isa = PBXFileReference; explicitFileType = wrapper.application; includeInIndex = 0; path = "Calculator-swift.app"; sourceTree = BUILT_PRODUCTS_DIR; };
		3D689DB5227D93EC0076E475 /* AppDelegate.swift */ = {isa = PBXFileReference; lastKnownFileType = sourcecode.swift; path = AppDelegate.swift; sourceTree = "<group>"; };
		3D689DB7227D93EC0076E475 /* ViewController.swift */ = {isa = PBXFileReference; lastKnownFileType = sourcecode.swift; path = ViewController.swift; sourceTree = "<group>"; };
		3D689DBA227D93EC0076E475 /* Base */ = {isa = PBXFileReference; lastKnownFileType = file.storyboard; name = Base; path = Base.lproj/Main.storyboard; sourceTree = "<group>"; };
		3D689DBC227D93EE0076E475 /* Assets.xcassets */ = {isa = PBXFileReference; lastKnownFileType = folder.assetcatalog; path = Assets.xcassets; sourceTree = "<group>"; };
		3D689DBF227D93EE0076E475 /* Base */ = {isa = PBXFileReference; lastKnownFileType = file.storyboard; name = Base; path = Base.lproj/LaunchScreen.storyboard; sourceTree = "<group>"; };
		3D689DC1227D93EE0076E475 /* Info.plist */ = {isa = PBXFileReference; lastKnownFileType = text.plist.xml; path = Info.plist; sourceTree = "<group>"; };
		3D689DCA227D95680076E475 /* RoundedButton.swift */ = {isa = PBXFileReference; lastKnownFileType = sourcecode.swift; path = RoundedButton.swift; sourceTree = "<group>"; };
		3D689DCD227D95B00076E475 /* ButtonsView.xib */ = {isa = PBXFileReference; lastKnownFileType = file.xib; path = ButtonsView.xib; sourceTree = "<group>"; };
		3D689DCF227D95C20076E475 /* BaseView.swift */ = {isa = PBXFileReference; lastKnownFileType = sourcecode.swift; path = BaseView.swift; sourceTree = "<group>"; };
		3D689DD1227D96240076E475 /* ButtonsView.swift */ = {isa = PBXFileReference; lastKnownFileType = sourcecode.swift; path = ButtonsView.swift; sourceTree = "<group>"; };
		3D8196C92280C0AC002CF3EA /* CopyableLabel.swift */ = {isa = PBXFileReference; lastKnownFileType = sourcecode.swift; path = CopyableLabel.swift; sourceTree = "<group>"; };
/* End PBXFileReference section */

/* Begin PBXFrameworksBuildPhase section */
		3D689DAF227D93EC0076E475 /* Frameworks */ = {
			isa = PBXFrameworksBuildPhase;
			buildActionMask = 2147483647;
			files = (
			);
			runOnlyForDeploymentPostprocessing = 0;
		};
/* End PBXFrameworksBuildPhase section */

/* Begin PBXGroup section */
		3D689DA9227D93EC0076E475 = {
			isa = PBXGroup;
			children = (
				3D689DB4227D93EC0076E475 /* Calculator-swift */,
				3D689DB3227D93EC0076E475 /* Products */,
			);
			sourceTree = "<group>";
		};
		3D689DB3227D93EC0076E475 /* Products */ = {
			isa = PBXGroup;
			children = (
				3D689DB2227D93EC0076E475 /* Calculator-swift.app */,
			);
			name = Products;
			sourceTree = "<group>";
		};
		3D689DB4227D93EC0076E475 /* Calculator-swift */ = {
			isa = PBXGroup;
			children = (
				3D689DCC227D95820076E475 /* ButtonsView */,
				3D689DC7227D94F10076E475 /* Base */,
				3D689DB5227D93EC0076E475 /* AppDelegate.swift */,
				3D689DB7227D93EC0076E475 /* ViewController.swift */,
				3D689DB9227D93EC0076E475 /* Main.storyboard */,
				3D689DBC227D93EE0076E475 /* Assets.xcassets */,
				3D689DBE227D93EE0076E475 /* LaunchScreen.storyboard */,
				3D689DC1227D93EE0076E475 /* Info.plist */,
			);
			path = "Calculator-swift";
			sourceTree = "<group>";
		};
		3D689DC7227D94F10076E475 /* Base */ = {
			isa = PBXGroup;
			children = (
				3D689DC8227D94F70076E475 /* Views */,
			);
			path = Base;
			sourceTree = "<group>";
		};
		3D689DC8227D94F70076E475 /* Views */ = {
			isa = PBXGroup;
			children = (
				3D8196C82280C096002CF3EA /* New Group */,
				3D689DCF227D95C20076E475 /* BaseView.swift */,
				3D689DC9227D95030076E475 /* RoundedButton */,
			);
			path = Views;
			sourceTree = "<group>";
		};
		3D689DC9227D95030076E475 /* RoundedButton */ = {
			isa = PBXGroup;
			children = (
				3D689DCA227D95680076E475 /* RoundedButton.swift */,
			);
			path = RoundedButton;
			sourceTree = "<group>";
		};
		3D689DCC227D95820076E475 /* ButtonsView */ = {
			isa = PBXGroup;
			children = (
				3D689DCD227D95B00076E475 /* ButtonsView.xib */,
				3D689DD1227D96240076E475 /* ButtonsView.swift */,
			);
			path = ButtonsView;
			sourceTree = "<group>";
		};
		3D8196C82280C096002CF3EA /* New Group */ = {
			isa = PBXGroup;
			children = (
				3D8196C92280C0AC002CF3EA /* CopyableLabel.swift */,
			);
			path = "New Group";
			sourceTree = "<group>";
		};
/* End PBXGroup section */

/* Begin PBXNativeTarget section */
		3D689DB1227D93EC0076E475 /* Calculator-swift */ = {
			isa = PBXNativeTarget;
			buildConfigurationList = 3D689DC4227D93EE0076E475 /* Build configuration list for PBXNativeTarget "Calculator-swift" */;
			buildPhases = (
				3D689DAE227D93EC0076E475 /* Sources */,
				3D689DAF227D93EC0076E475 /* Frameworks */,
				3D689DB0227D93EC0076E475 /* Resources */,
			);
			buildRules = (
			);
			dependencies = (
			);
			name = "Calculator-swift";
			productName = "Calculator-swift";
			productReference = 3D689DB2227D93EC0076E475 /* Calculator-swift.app */;
			productType = "com.apple.product-type.application";
		};
/* End PBXNativeTarget section */

/* Begin PBXProject section */
		3D689DAA227D93EC0076E475 /* Project object */ = {
			isa = PBXProject;
			attributes = {
				LastSwiftUpdateCheck = 1020;
				LastUpgradeCheck = 1020;
				ORGANIZATIONNAME = "Bohdan Dankovych";
				TargetAttributes = {
					3D689DB1227D93EC0076E475 = {
						CreatedOnToolsVersion = 10.2.1;
					};
				};
			};
			buildConfigurationList = 3D689DAD227D93EC0076E475 /* Build configuration list for PBXProject "Calculator-swift" */;
			compatibilityVersion = "Xcode 9.3";
			developmentRegion = en;
			hasScannedForEncodings = 0;
			knownRegions = (
				en,
				Base,
			);
			mainGroup = 3D689DA9227D93EC0076E475;
			productRefGroup = 3D689DB3227D93EC0076E475 /* Products */;
			projectDirPath = "";
			projectRoot = "";
			targets = (
				3D689DB1227D93EC0076E475 /* Calculator-swift */,
			);
		};
/* End PBXProject section */

/* Begin PBXResourcesBuildPhase section */
		3D689DB0227D93EC0076E475 /* Resources */ = {
			isa = PBXResourcesBuildPhase;
			buildActionMask = 2147483647;
			files = (
				3D689DC0227D93EE0076E475 /* LaunchScreen.storyboard in Resources */,
				3D689DBD227D93EE0076E475 /* Assets.xcassets in Resources */,
				3D689DCE227D95B00076E475 /* ButtonsView.xib in Resources */,
				3D689DBB227D93EC0076E475 /* Main.storyboard in Resources */,
			);
			runOnlyForDeploymentPostprocessing = 0;
		};
/* End PBXResourcesBuildPhase section */

/* Begin PBXSourcesBuildPhase section */
		3D689DAE227D93EC0076E475 /* Sources */ = {
			isa = PBXSourcesBuildPhase;
			buildActionMask = 2147483647;
			files = (
				3D689DB8227D93EC0076E475 /* ViewController.swift in Sources */,
				3D689DD2227D96240076E475 /* ButtonsView.swift in Sources */,
				3D689DB6227D93EC0076E475 /* AppDelegate.swift in Sources */,
				3D689DCB227D95680076E475 /* RoundedButton.swift in Sources */,
				3D689DD0227D95C20076E475 /* BaseView.swift in Sources */,
				3D8196CA2280C0AC002CF3EA /* CopyableLabel.swift in Sources */,
			);
			runOnlyForDeploymentPostprocessing = 0;
		};
/* End PBXSourcesBuildPhase section */

/* Begin PBXVariantGroup section */
		3D689DB9227D93EC0076E475 /* Main.storyboard */ = {
			isa = PBXVariantGroup;
			children = (
				3D689DBA227D93EC0076E475 /* Base */,
			);
			name = Main.storyboard;
			sourceTree = "<group>";
		};
		3D689DBE227D93EE0076E475 /* LaunchScreen.storyboard */ = {
			isa = PBXVariantGroup;
			children = (
				3D689DBF227D93EE0076E475 /* Base */,
			);
			name = LaunchScreen.storyboard;
			sourceTree = "<group>";
		};
/* End PBXVariantGroup section */

/* Begin XCBuildConfiguration section */
		3D689DC2227D93EE0076E475 /* Debug */ = {
			isa = XCBuildConfiguration;
			buildSettings = {
				ALWAYS_SEARCH_USER_PATHS = NO;
				CLANG_ANALYZER_NONNULL = YES;
				CLANG_ANALYZER_NUMBER_OBJECT_CONVERSION = YES_AGGRESSIVE;
				CLANG_CXX_LANGUAGE_STANDARD = "gnu++14";
				CLANG_CXX_LIBRARY = "libc++";
				CLANG_ENABLE_MODULES = YES;
				CLANG_ENABLE_OBJC_ARC = YES;
				CLANG_ENABLE_OBJC_WEAK = YES;
				CLANG_WARN_BLOCK_CAPTURE_AUTORELEASING = YES;
				CLANG_WARN_BOOL_CONVERSION = YES;
				CLANG_WARN_COMMA = YES;
				CLANG_WARN_CONSTANT_CONVERSION = YES;
				CLANG_WARN_DEPRECATED_OBJC_IMPLEMENTATIONS = YES;
				CLANG_WARN_DIRECT_OBJC_ISA_USAGE = YES_ERROR;
				CLANG_WARN_DOCUMENTATION_COMMENTS = YES;
				CLANG_WARN_EMPTY_BODY = YES;
				CLANG_WARN_ENUM_CONVERSION = YES;
				CLANG_WARN_INFINITE_RECURSION = YES;
				CLANG_WARN_INT_CONVERSION = YES;
				CLANG_WARN_NON_LITERAL_NULL_CONVERSION = YES;
				CLANG_WARN_OBJC_IMPLICIT_RETAIN_SELF = YES;
				CLANG_WARN_OBJC_LITERAL_CONVERSION = YES;
				CLANG_WARN_OBJC_ROOT_CLASS = YES_ERROR;
				CLANG_WARN_RANGE_LOOP_ANALYSIS = YES;
				CLANG_WARN_STRICT_PROTOTYPES = YES;
				CLANG_WARN_SUSPICIOUS_MOVE = YES;
				CLANG_WARN_UNGUARDED_AVAILABILITY = YES_AGGRESSIVE;
				CLANG_WARN_UNREACHABLE_CODE = YES;
				CLANG_WARN__DUPLICATE_METHOD_MATCH = YES;
				CODE_SIGN_IDENTITY = "iPhone Developer";
				COPY_PHASE_STRIP = NO;
				DEBUG_INFORMATION_FORMAT = dwarf;
				ENABLE_STRICT_OBJC_MSGSEND = YES;
				ENABLE_TESTABILITY = YES;
				GCC_C_LANGUAGE_STANDARD = gnu11;
				GCC_DYNAMIC_NO_PIC = NO;
				GCC_NO_COMMON_BLOCKS = YES;
				GCC_OPTIMIZATION_LEVEL = 0;
				GCC_PREPROCESSOR_DEFINITIONS = (
					"DEBUG=1",
					"$(inherited)",
				);
				GCC_WARN_64_TO_32_BIT_CONVERSION = YES;
				GCC_WARN_ABOUT_RETURN_TYPE = YES_ERROR;
				GCC_WARN_UNDECLARED_SELECTOR = YES;
				GCC_WARN_UNINITIALIZED_AUTOS = YES_AGGRESSIVE;
				GCC_WARN_UNUSED_FUNCTION = YES;
				GCC_WARN_UNUSED_VARIABLE = YES;
				IPHONEOS_DEPLOYMENT_TARGET = 12.2;
				MTL_ENABLE_DEBUG_INFO = INCLUDE_SOURCE;
				MTL_FAST_MATH = YES;
				ONLY_ACTIVE_ARCH = YES;
				SDKROOT = iphoneos;
				SWIFT_ACTIVE_COMPILATION_CONDITIONS = DEBUG;
				SWIFT_OPTIMIZATION_LEVEL = "-Onone";
			};
			name = Debug;
		};
		3D689DC3227D93EE0076E475 /* Release */ = {
			isa = XCBuildConfiguration;
			buildSettings = {
				ALWAYS_SEARCH_USER_PATHS = NO;
				CLANG_ANALYZER_NONNULL = YES;
				CLANG_ANALYZER_NUMBER_OBJECT_CONVERSION = YES_AGGRESSIVE;
				CLANG_CXX_LANGUAGE_STANDARD = "gnu++14";
				CLANG_CXX_LIBRARY = "libc++";
				CLANG_ENABLE_MODULES = YES;
				CLANG_ENABLE_OBJC_ARC = YES;
				CLANG_ENABLE_OBJC_WEAK = YES;
				CLANG_WARN_BLOCK_CAPTURE_AUTORELEASING = YES;
				CLANG_WARN_BOOL_CONVERSION = YES;
				CLANG_WARN_COMMA = YES;
				CLANG_WARN_CONSTANT_CONVERSION = YES;
				CLANG_WARN_DEPRECATED_OBJC_IMPLEMENTATIONS = YES;
				CLANG_WARN_DIRECT_OBJC_ISA_USAGE = YES_ERROR;
				CLANG_WARN_DOCUMENTATION_COMMENTS = YES;
				CLANG_WARN_EMPTY_BODY = YES;
				CLANG_WARN_ENUM_CONVERSION = YES;
				CLANG_WARN_INFINITE_RECURSION = YES;
				CLANG_WARN_INT_CONVERSION = YES;
				CLANG_WARN_NON_LITERAL_NULL_CONVERSION = YES;
				CLANG_WARN_OBJC_IMPLICIT_RETAIN_SELF = YES;
				CLANG_WARN_OBJC_LITERAL_CONVERSION = YES;
				CLANG_WARN_OBJC_ROOT_CLASS = YES_ERROR;
				CLANG_WARN_RANGE_LOOP_ANALYSIS = YES;
				CLANG_WARN_STRICT_PROTOTYPES = YES;
				CLANG_WARN_SUSPICIOUS_MOVE = YES;
				CLANG_WARN_UNGUARDED_AVAILABILITY = YES_AGGRESSIVE;
				CLANG_WARN_UNREACHABLE_CODE = YES;
				CLANG_WARN__DUPLICATE_METHOD_MATCH = YES;
				CODE_SIGN_IDENTITY = "iPhone Developer";
				COPY_PHASE_STRIP = NO;
				DEBUG_INFORMATION_FORMAT = "dwarf-with-dsym";
				ENABLE_NS_ASSERTIONS = NO;
				ENABLE_STRICT_OBJC_MSGSEND = YES;
				GCC_C_LANGUAGE_STANDARD = gnu11;
				GCC_NO_COMMON_BLOCKS = YES;
				GCC_WARN_64_TO_32_BIT_CONVERSION = YES;
				GCC_WARN_ABOUT_RETURN_TYPE = YES_ERROR;
				GCC_WARN_UNDECLARED_SELECTOR = YES;
				GCC_WARN_UNINITIALIZED_AUTOS = YES_AGGRESSIVE;
				GCC_WARN_UNUSED_FUNCTION = YES;
				GCC_WARN_UNUSED_VARIABLE = YES;
				IPHONEOS_DEPLOYMENT_TARGET = 12.2;
				MTL_ENABLE_DEBUG_INFO = NO;
				MTL_FAST_MATH = YES;
				SDKROOT = iphoneos;
				SWIFT_COMPILATION_MODE = wholemodule;
				SWIFT_OPTIMIZATION_LEVEL = "-O";
				VALIDATE_PRODUCT = YES;
			};
			name = Release;
		};
		3D689DC5227D93EE0076E475 /* Debug */ = {
			isa = XCBuildConfiguration;
			buildSettings = {
				ASSETCATALOG_COMPILER_APPICON_NAME = AppIcon;
				CODE_SIGN_IDENTITY = "iPhone Developer";
				CODE_SIGN_STYLE = Automatic;
				DEVELOPMENT_TEAM = 34CSW96NV9;
				INFOPLIST_FILE = "Calculator-swift/Info.plist";
				LD_RUNPATH_SEARCH_PATHS = (
					"$(inherited)",
					"@executable_path/Frameworks",
				);
				PRODUCT_BUNDLE_IDENTIFIER = "inVeritaSoft.Calculator-swift";
				PRODUCT_NAME = "$(TARGET_NAME)";
				PROVISIONING_PROFILE_SPECIFIER = "";
				SWIFT_VERSION = 4.0;
				TARGETED_DEVICE_FAMILY = 1;
			};
			name = Debug;
		};
		3D689DC6227D93EE0076E475 /* Release */ = {
			isa = XCBuildConfiguration;
			buildSettings = {
				ASSETCATALOG_COMPILER_APPICON_NAME = AppIcon;
				CODE_SIGN_IDENTITY = "iPhone Developer";
				CODE_SIGN_STYLE = Automatic;
				DEVELOPMENT_TEAM = 34CSW96NV9;
				INFOPLIST_FILE = "Calculator-swift/Info.plist";
				LD_RUNPATH_SEARCH_PATHS = (
					"$(inherited)",
					"@executable_path/Frameworks",
				);
				PRODUCT_BUNDLE_IDENTIFIER = "inVeritaSoft.Calculator-swift";
				PRODUCT_NAME = "$(TARGET_NAME)";
				PROVISIONING_PROFILE_SPECIFIER = "";
				SWIFT_VERSION = 4.0;
				TARGETED_DEVICE_FAMILY = 1;
			};
			name = Release;
		};
/* End XCBuildConfiguration section */

/* Begin XCConfigurationList section */
		3D689DAD227D93EC0076E475 /* Build configuration list for PBXProject "Calculator-swift" */ = {
			isa = XCConfigurationList;
			buildConfigurations = (
				3D689DC2227D93EE0076E475 /* Debug */,
				3D689DC3227D93EE0076E475 /* Release */,
			);
			defaultConfigurationIsVisible = 0;
			defaultConfigurationName = Release;
		};
		3D689DC4227D93EE0076E475 /* Build configuration list for PBXNativeTarget "Calculator-swift" */ = {
			isa = XCConfigurationList;
			buildConfigurations = (
				3D689DC5227D93EE0076E475 /* Debug */,
				3D689DC6227D93EE0076E475 /* Release */,
			);
			defaultConfigurationIsVisible = 0;
			defaultConfigurationName = Release;
		};
/* End XCConfigurationList section */
	};
	rootObject = 3D689DAA227D93EC0076E475 /* Project object */;
}
